
Microsoft Visual Studio Solution File, Format Version 12.00
# Visual Studio Version 16
VisualStudioVersion = 16.0.30225.117
MinimumVisualStudioVersion = 10.0.40219.1
Project("{9A19103F-16F7-4668-BE54-9A1E7A4F7556}") = "PickupAnnouncer", "PickupAnnouncer\PickupAnnouncer.csproj", "{5059C1A2-2723-45CB-8622-FD29D0DC28F6}"
EndProject
Project("{00D1A9C2-B5F0-4AF3-8072-F6C62B433612}") = "PickupAnnouncerDB", "..\PickupAnnouncerDB\PickupAnnouncerDB.sqlproj", "{AAA07A11-761A-4124-B802-1D3E379FEF40}"
EndProject
Global
	GlobalSection(SolutionConfigurationPlatforms) = preSolution
		Debug|Any CPU = Debug|Any CPU
		Release|Any CPU = Release|Any CPU
	EndGlobalSection
	GlobalSection(ProjectConfigurationPlatforms) = postSolution
		{5059C1A2-2723-45CB-8622-FD29D0DC28F6}.Debug|Any CPU.ActiveCfg = Debug|Any CPU
		{5059C1A2-2723-45CB-8622-FD29D0DC28F6}.Debug|Any CPU.Build.0 = Debug|Any CPU
		{5059C1A2-2723-45CB-8622-FD29D0DC28F6}.Release|Any CPU.ActiveCfg = Release|Any CPU
		{5059C1A2-2723-45CB-8622-FD29D0DC28F6}.Release|Any CPU.Build.0 = Release|Any CPU
		{AAA07A11-761A-4124-B802-1D3E379FEF40}.Debug|Any CPU.ActiveCfg = Debug|Any CPU
		{AAA07A11-761A-4124-B802-1D3E379FEF40}.Debug|Any CPU.Build.0 = Debug|Any CPU
		{AAA07A11-761A-4124-B802-1D3E379FEF40}.Debug|Any CPU.Deploy.0 = Debug|Any CPU
		{AAA07A11-761A-4124-B802-1D3E379FEF40}.Release|Any CPU.ActiveCfg = Release|Any CPU
		{AAA07A11-761A-4124-B802-1D3E379FEF40}.Release|Any CPU.Build.0 = Release|Any CPU
		{AAA07A11-761A-4124-B802-1D3E379FEF40}.Release|Any CPU.Deploy.0 = Release|Any CPU
	EndGlobalSection
	GlobalSection(SolutionProperties) = preSolution
		HideSolutionNode = FALSE
	EndGlobalSection
	GlobalSection(ExtensibilityGlobals) = postSolution
		SolutionGuid = {F2EF5746-8A21-483E-AB72-1F9B3E2D7D07}
	EndGlobalSection
EndGlobal
